
Microsoft Visual Studio Solution File, Format Version 12.00
# Visual Studio 2012
Project("{FAE04EC0-301F-11D3-BF4B-00C04F79EFBC}") = "MissingFeatures", "MissingFeatures\MissingFeatures.csproj", "{DFD29E03-F526-415F-A78C-4A1F812A7068}"
EndProject
Project("{FAE04EC0-301F-11D3-BF4B-00C04F79EFBC}") = "MissingFeatures.Tests", "MissingFeatures.Tests\MissingFeatures.Tests.csproj", "{DFED128C-DEBA-4E23-AE4A-D402E0EF397D}"
EndProject
Global
	GlobalSection(SolutionConfigurationPlatforms) = preSolution
		Debug|Any CPU = Debug|Any CPU
		Release|Any CPU = Release|Any CPU
	EndGlobalSection
	GlobalSection(ProjectConfigurationPlatforms) = postSolution
		{DFD29E03-F526-415F-A78C-4A1F812A7068}.Debug|Any CPU.ActiveCfg = Debug|Any CPU
		{DFD29E03-F526-415F-A78C-4A1F812A7068}.Debug|Any CPU.Build.0 = Debug|Any CPU
		{DFD29E03-F526-415F-A78C-4A1F812A7068}.Release|Any CPU.ActiveCfg = Release|Any CPU
		{DFD29E03-F526-415F-A78C-4A1F812A7068}.Release|Any CPU.Build.0 = Release|Any CPU
		{DFED128C-DEBA-4E23-AE4A-D402E0EF397D}.Debug|Any CPU.ActiveCfg = Debug|Any CPU
		{DFED128C-DEBA-4E23-AE4A-D402E0EF397D}.Debug|Any CPU.Build.0 = Debug|Any CPU
		{DFED128C-DEBA-4E23-AE4A-D402E0EF397D}.Release|Any CPU.ActiveCfg = Release|Any CPU
		{DFED128C-DEBA-4E23-AE4A-D402E0EF397D}.Release|Any CPU.Build.0 = Release|Any CPU
	EndGlobalSection
	GlobalSection(SolutionProperties) = preSolution
		HideSolutionNode = FALSE
	EndGlobalSection
EndGlobal
